
Microsoft Visual Studio Solution File, Format Version 12.00
# Visual Studio Version 17
VisualStudioVersion = 17.1.32421.90
MinimumVisualStudioVersion = 10.0.40219.1
Project("{FAE04EC0-301F-11D3-BF4B-00C04F79EFBC}") = "GarageApp", "GarageApp\GarageApp.csproj", "{5CD246A9-4886-488C-92D0-55DA1719EEE8}"
EndProject
Global
	GlobalSection(SolutionConfigurationPlatforms) = preSolution
		Debug|Any CPU = Debug|Any CPU
		Release|Any CPU = Release|Any CPU
	EndGlobalSection
	GlobalSection(ProjectConfigurationPlatforms) = postSolution
		{5CD246A9-4886-488C-92D0-55DA1719EEE8}.Debug|Any CPU.ActiveCfg = Debug|Any CPU
		{5CD246A9-4886-488C-92D0-55DA1719EEE8}.Debug|Any CPU.Build.0 = Debug|Any CPU
		{5CD246A9-4886-488C-92D0-55DA1719EEE8}.Release|Any CPU.ActiveCfg = Release|Any CPU
		{5CD246A9-4886-488C-92D0-55DA1719EEE8}.Release|Any CPU.Build.0 = Release|Any CPU
	EndGlobalSection
	GlobalSection(SolutionProperties) = preSolution
		HideSolutionNode = FALSE
	EndGlobalSection
	GlobalSection(ExtensibilityGlobals) = postSolution
		SolutionGuid = {60133050-22FF-4B7F-8A32-C59A7C0E830C}
	EndGlobalSection
EndGlobal
